<?xml version="1.0" encoding="utf-8"?>
<Project ToolsVersion="17.0" xmlns="http://schemas.microsoft.com/developer/msbuild/2003">
  <ItemGroup>
    <ClCompile Include="C:\Users\slaph\src\diyrootkek\aws-cloudhsm-pkcs11-examples\src\wrapping\aes_gcm_wrapping.c">
      <Filter>Source Files</Filter>
    </ClCompile>
    <ClCompile Include="C:\Users\slaph\src\diyrootkek\aws-cloudhsm-pkcs11-examples\src\wrapping\aes_wrapping_common.c">
      <Filter>Source Files</Filter>
    </ClCompile>
  </ItemGroup>
  <ItemGroup>
    <CustomBuild Include="C:\Users\slaph\src\diyrootkek\aws-cloudhsm-pkcs11-examples\src\wrapping\CMakeLists.txt" />
  </ItemGroup>
  <ItemGroup>
    <Filter Include="Source Files">
      <UniqueIdentifier>{667CC74F-7B1A-3FBC-9589-E11012BAA739}</UniqueIdentifier>
    </Filter>
  </ItemGroup>
</Project>
