<?xml version="1.0" encoding="utf-8"?>
<Project ToolsVersion="17.0" xmlns="http://schemas.microsoft.com/developer/msbuild/2003">
  <ItemGroup>
    <ClCompile Include="C:\Users\slaph\src\diyrootkek\aws-cloudhsm-pkcs11-examples\src\attributes\attributes.c">
      <Filter>Source Files</Filter>
    </ClCompile>
  </ItemGroup>
  <ItemGroup>
    <ClInclude Include="C:\Users\slaph\src\diyrootkek\aws-cloudhsm-pkcs11-examples\src\attributes\attributes.h">
      <Filter>Header Files</Filter>
    </ClInclude>
  </ItemGroup>
  <ItemGroup>
    <CustomBuild Include="C:\Users\slaph\src\diyrootkek\aws-cloudhsm-pkcs11-examples\src\attributes\CMakeLists.txt" />
  </ItemGroup>
  <ItemGroup>
    <Filter Include="Header Files">
      <UniqueIdentifier>{3BF26599-CE35-30CC-BE28-6F9FCAF91607}</UniqueIdentifier>
    </Filter>
    <Filter Include="Source Files">
      <UniqueIdentifier>{667CC74F-7B1A-3FBC-9589-E11012BAA739}</UniqueIdentifier>
    </Filter>
  </ItemGroup>
</Project>
