
Microsoft Visual Studio Solution File, Format Version 12.00
# Visual Studio Version 17
Project("{8BC9CEB8-8B4A-11D0-8D11-00A0C91BC942}") = "ALL_BUILD", "ALL_BUILD.vcxproj", "{D159BD7B-18BF-3D9D-990D-9371693862CB}"
	ProjectSection(ProjectDependencies) = postProject
		{97393AB6-0298-37C3-B2A7-D3EAB36E7D7F} = {97393AB6-0298-37C3-B2A7-D3EAB36E7D7F}
		{41DDD1B5-395B-3AA6-8B19-1ACF1FCAC0DB} = {41DDD1B5-395B-3AA6-8B19-1ACF1FCAC0DB}
		{7B94CBF6-4A56-3A2E-A188-CCA5F15DB45B} = {7B94CBF6-4A56-3A2E-A188-CCA5F15DB45B}
	EndProjectSection
EndProject
Project("{8BC9CEB8-8B4A-11D0-8D11-00A0C91BC942}") = "RUN_TESTS", "RUN_TESTS.vcxproj", "{AF62DBCE-088F-3C92-916C-61250BFC96E2}"
	ProjectSection(ProjectDependencies) = postProject
		{97393AB6-0298-37C3-B2A7-D3EAB36E7D7F} = {97393AB6-0298-37C3-B2A7-D3EAB36E7D7F}
	EndProjectSection
EndProject
Project("{8BC9CEB8-8B4A-11D0-8D11-00A0C91BC942}") = "ZERO_CHECK", "..\..\\ZERO_CHECK.vcxproj", "{97393AB6-0298-37C3-B2A7-D3EAB36E7D7F}"
	ProjectSection(ProjectDependencies) = postProject
	EndProjectSection
EndProject
Project("{8BC9CEB8-8B4A-11D0-8D11-00A0C91BC942}") = "attributes", "attributes.vcxproj", "{41DDD1B5-395B-3AA6-8B19-1ACF1FCAC0DB}"
	ProjectSection(ProjectDependencies) = postProject
		{97393AB6-0298-37C3-B2A7-D3EAB36E7D7F} = {97393AB6-0298-37C3-B2A7-D3EAB36E7D7F}
	EndProjectSection
EndProject
Project("{8BC9CEB8-8B4A-11D0-8D11-00A0C91BC942}") = "attributes_cmd", "attributes_cmd.vcxproj", "{7B94CBF6-4A56-3A2E-A188-CCA5F15DB45B}"
	ProjectSection(ProjectDependencies) = postProject
		{97393AB6-0298-37C3-B2A7-D3EAB36E7D7F} = {97393AB6-0298-37C3-B2A7-D3EAB36E7D7F}
		{41DDD1B5-395B-3AA6-8B19-1ACF1FCAC0DB} = {41DDD1B5-395B-3AA6-8B19-1ACF1FCAC0DB}
		{8BA6BD22-1DBD-3DF9-91E2-267DCF21C2E8} = {8BA6BD22-1DBD-3DF9-91E2-267DCF21C2E8}
	EndProjectSection
EndProject
Project("{8BC9CEB8-8B4A-11D0-8D11-00A0C91BC942}") = "cloudhsmpkcs11", "..\common\cloudhsmpkcs11.vcxproj", "{8BA6BD22-1DBD-3DF9-91E2-267DCF21C2E8}"
	ProjectSection(ProjectDependencies) = postProject
		{97393AB6-0298-37C3-B2A7-D3EAB36E7D7F} = {97393AB6-0298-37C3-B2A7-D3EAB36E7D7F}
	EndProjectSection
EndProject
Global
	GlobalSection(SolutionConfigurationPlatforms) = preSolution
		Debug|x64 = Debug|x64
		Release|x64 = Release|x64
		MinSizeRel|x64 = MinSizeRel|x64
		RelWithDebInfo|x64 = RelWithDebInfo|x64
	EndGlobalSection
	GlobalSection(ProjectConfigurationPlatforms) = postSolution
		{D159BD7B-18BF-3D9D-990D-9371693862CB}.Debug|x64.ActiveCfg = Debug|x64
		{D159BD7B-18BF-3D9D-990D-9371693862CB}.Release|x64.ActiveCfg = Release|x64
		{D159BD7B-18BF-3D9D-990D-9371693862CB}.MinSizeRel|x64.ActiveCfg = MinSizeRel|x64
		{D159BD7B-18BF-3D9D-990D-9371693862CB}.RelWithDebInfo|x64.ActiveCfg = RelWithDebInfo|x64
		{AF62DBCE-088F-3C92-916C-61250BFC96E2}.Debug|x64.ActiveCfg = Debug|x64
		{AF62DBCE-088F-3C92-916C-61250BFC96E2}.Release|x64.ActiveCfg = Release|x64
		{AF62DBCE-088F-3C92-916C-61250BFC96E2}.MinSizeRel|x64.ActiveCfg = MinSizeRel|x64
		{AF62DBCE-088F-3C92-916C-61250BFC96E2}.RelWithDebInfo|x64.ActiveCfg = RelWithDebInfo|x64
		{97393AB6-0298-37C3-B2A7-D3EAB36E7D7F}.Debug|x64.ActiveCfg = Debug|x64
		{97393AB6-0298-37C3-B2A7-D3EAB36E7D7F}.Debug|x64.Build.0 = Debug|x64
		{97393AB6-0298-37C3-B2A7-D3EAB36E7D7F}.Release|x64.ActiveCfg = Release|x64
		{97393AB6-0298-37C3-B2A7-D3EAB36E7D7F}.Release|x64.Build.0 = Release|x64
		{97393AB6-0298-37C3-B2A7-D3EAB36E7D7F}.MinSizeRel|x64.ActiveCfg = MinSizeRel|x64
		{97393AB6-0298-37C3-B2A7-D3EAB36E7D7F}.MinSizeRel|x64.Build.0 = MinSizeRel|x64
		{97393AB6-0298-37C3-B2A7-D3EAB36E7D7F}.RelWithDebInfo|x64.ActiveCfg = RelWithDebInfo|x64
		{97393AB6-0298-37C3-B2A7-D3EAB36E7D7F}.RelWithDebInfo|x64.Build.0 = RelWithDebInfo|x64
		{41DDD1B5-395B-3AA6-8B19-1ACF1FCAC0DB}.Debug|x64.ActiveCfg = Debug|x64
		{41DDD1B5-395B-3AA6-8B19-1ACF1FCAC0DB}.Debug|x64.Build.0 = Debug|x64
		{41DDD1B5-395B-3AA6-8B19-1ACF1FCAC0DB}.Release|x64.ActiveCfg = Release|x64
		{41DDD1B5-395B-3AA6-8B19-1ACF1FCAC0DB}.Release|x64.Build.0 = Release|x64
		{41DDD1B5-395B-3AA6-8B19-1ACF1FCAC0DB}.MinSizeRel|x64.ActiveCfg = MinSizeRel|x64
		{41DDD1B5-395B-3AA6-8B19-1ACF1FCAC0DB}.MinSizeRel|x64.Build.0 = MinSizeRel|x64
		{41DDD1B5-395B-3AA6-8B19-1ACF1FCAC0DB}.RelWithDebInfo|x64.ActiveCfg = RelWithDebInfo|x64
		{41DDD1B5-395B-3AA6-8B19-1ACF1FCAC0DB}.RelWithDebInfo|x64.Build.0 = RelWithDebInfo|x64
		{7B94CBF6-4A56-3A2E-A188-CCA5F15DB45B}.Debug|x64.ActiveCfg = Debug|x64
		{7B94CBF6-4A56-3A2E-A188-CCA5F15DB45B}.Debug|x64.Build.0 = Debug|x64
		{7B94CBF6-4A56-3A2E-A188-CCA5F15DB45B}.Release|x64.ActiveCfg = Release|x64
		{7B94CBF6-4A56-3A2E-A188-CCA5F15DB45B}.Release|x64.Build.0 = Release|x64
		{7B94CBF6-4A56-3A2E-A188-CCA5F15DB45B}.MinSizeRel|x64.ActiveCfg = MinSizeRel|x64
		{7B94CBF6-4A56-3A2E-A188-CCA5F15DB45B}.MinSizeRel|x64.Build.0 = MinSizeRel|x64
		{7B94CBF6-4A56-3A2E-A188-CCA5F15DB45B}.RelWithDebInfo|x64.ActiveCfg = RelWithDebInfo|x64
		{7B94CBF6-4A56-3A2E-A188-CCA5F15DB45B}.RelWithDebInfo|x64.Build.0 = RelWithDebInfo|x64
		{8BA6BD22-1DBD-3DF9-91E2-267DCF21C2E8}.Debug|x64.ActiveCfg = Debug|x64
		{8BA6BD22-1DBD-3DF9-91E2-267DCF21C2E8}.Debug|x64.Build.0 = Debug|x64
		{8BA6BD22-1DBD-3DF9-91E2-267DCF21C2E8}.Release|x64.ActiveCfg = Release|x64
		{8BA6BD22-1DBD-3DF9-91E2-267DCF21C2E8}.Release|x64.Build.0 = Release|x64
		{8BA6BD22-1DBD-3DF9-91E2-267DCF21C2E8}.MinSizeRel|x64.ActiveCfg = MinSizeRel|x64
		{8BA6BD22-1DBD-3DF9-91E2-267DCF21C2E8}.MinSizeRel|x64.Build.0 = MinSizeRel|x64
		{8BA6BD22-1DBD-3DF9-91E2-267DCF21C2E8}.RelWithDebInfo|x64.ActiveCfg = RelWithDebInfo|x64
		{8BA6BD22-1DBD-3DF9-91E2-267DCF21C2E8}.RelWithDebInfo|x64.Build.0 = RelWithDebInfo|x64
	EndGlobalSection
	GlobalSection(ExtensibilityGlobals) = postSolution
		SolutionGuid = {E8249EC4-AEC4-3BB0-884A-682CB4550D71}
	EndGlobalSection
	GlobalSection(ExtensibilityAddIns) = postSolution
	EndGlobalSection
EndGlobal
