
Microsoft Visual Studio Solution File, Format Version 12.00
# Visual Studio Version 17
VisualStudioVersion = 17.8.34525.116
MinimumVisualStudioVersion = 10.0.40219.1
Project("{8BC9CEB8-8B4A-11D0-8D11-00A0C91BC942}") = "ALL_BUILD", "ALL_BUILD.vcxproj", "{D159BD7B-18BF-3D9D-990D-9371693862CB}"
	ProjectSection(ProjectDependencies) = postProject
		{97393AB6-0298-37C3-B2A7-D3EAB36E7D7F} = {97393AB6-0298-37C3-B2A7-D3EAB36E7D7F}
		{BBAED79E-FE99-3504-A21D-227DF141F665} = {BBAED79E-FE99-3504-A21D-227DF141F665}
		{5200814E-24CC-3739-BCB1-CEBC1F1030C2} = {5200814E-24CC-3739-BCB1-CEBC1F1030C2}
		{73A216B1-009F-3D89-94EA-77340C83A3F2} = {73A216B1-009F-3D89-94EA-77340C83A3F2}
		{7EAD8651-4194-3DE5-B786-4130F5CD8C0F} = {7EAD8651-4194-3DE5-B786-4130F5CD8C0F}
		{52AF8B84-66C0-3D98-A2EB-25B364497949} = {52AF8B84-66C0-3D98-A2EB-25B364497949}
		{7A5B0D8A-FE4F-3699-9459-E9C9BC796AB2} = {7A5B0D8A-FE4F-3699-9459-E9C9BC796AB2}
		{9DAC5470-0C11-3319-919F-21BDFC294A26} = {9DAC5470-0C11-3319-919F-21BDFC294A26}
		{B69A6935-CFDD-3C3A-9972-EE6BD7A99DA3} = {B69A6935-CFDD-3C3A-9972-EE6BD7A99DA3}
		{60979DC6-337F-397D-8514-3D7993D6F5C1} = {60979DC6-337F-397D-8514-3D7993D6F5C1}
		{80982A09-87BA-323C-A9AF-4B87D9A70606} = {80982A09-87BA-323C-A9AF-4B87D9A70606}
		{41DDD1B5-395B-3AA6-8B19-1ACF1FCAC0DB} = {41DDD1B5-395B-3AA6-8B19-1ACF1FCAC0DB}
		{7B94CBF6-4A56-3A2E-A188-CCA5F15DB45B} = {7B94CBF6-4A56-3A2E-A188-CCA5F15DB45B}
		{8BA6BD22-1DBD-3DF9-91E2-267DCF21C2E8} = {8BA6BD22-1DBD-3DF9-91E2-267DCF21C2E8}
		{3B385810-CED5-3F28-A0A8-CCB85CB37058} = {3B385810-CED5-3F28-A0A8-CCB85CB37058}
		{2843500A-8497-354C-B33F-5450F1DF8FFD} = {2843500A-8497-354C-B33F-5450F1DF8FFD}
		{C23BCA51-7FE1-3DF3-849B-B8D43C0029E8} = {C23BCA51-7FE1-3DF3-849B-B8D43C0029E8}
		{DC2244B5-9A93-364A-A201-67F0B62F3644} = {DC2244B5-9A93-364A-A201-67F0B62F3644}
		{6F84F123-C036-3B33-9338-EB8FD498ADCF} = {6F84F123-C036-3B33-9338-EB8FD498ADCF}
		{2861835F-E1D6-30C9-AAA5-8CC25A850CF0} = {2861835F-E1D6-30C9-AAA5-8CC25A850CF0}
		{BA4E8680-E628-3D82-8D74-517E478771FD} = {BA4E8680-E628-3D82-8D74-517E478771FD}
		{51496516-8A6B-3DCF-945D-3F4A10F67BC0} = {51496516-8A6B-3DCF-945D-3F4A10F67BC0}
		{F5CD35C6-43EB-35D2-8406-EF1D031CE8E1} = {F5CD35C6-43EB-35D2-8406-EF1D031CE8E1}
		{CEC0E6E1-D90A-3E52-ABF1-84D7BE7200C3} = {CEC0E6E1-D90A-3E52-ABF1-84D7BE7200C3}
		{49274320-5AFF-3056-B53F-665314ACC54F} = {49274320-5AFF-3056-B53F-665314ACC54F}
		{D05007D7-E372-3993-A537-C586AB8A3A42} = {D05007D7-E372-3993-A537-C586AB8A3A42}
		{10458A01-F5C9-3C6D-99A3-185DD49A10CE} = {10458A01-F5C9-3C6D-99A3-185DD49A10CE}
		{056556B9-905A-3843-8CA4-49DC6C6CBF35} = {056556B9-905A-3843-8CA4-49DC6C6CBF35}
		{85573254-521C-3758-8344-1FA47FAE6860} = {85573254-521C-3758-8344-1FA47FAE6860}
		{687C38F6-5284-3E86-A3C0-C4F037AA7D41} = {687C38F6-5284-3E86-A3C0-C4F037AA7D41}
		{44E85C90-3742-357F-BD82-167E7EEF9A14} = {44E85C90-3742-357F-BD82-167E7EEF9A14}
		{6AD1CAD8-D8E7-34BE-8D9F-8EF139DD3E6E} = {6AD1CAD8-D8E7-34BE-8D9F-8EF139DD3E6E}
		{4DF295D4-E15B-3AC4-9D06-FE2D48A7B30F} = {4DF295D4-E15B-3AC4-9D06-FE2D48A7B30F}
		{965ADA62-181D-3DC9-BB9D-3F77DABB62DE} = {965ADA62-181D-3DC9-BB9D-3F77DABB62DE}
		{7981B793-7413-34B6-B3C8-5FFEDE4D17BF} = {7981B793-7413-34B6-B3C8-5FFEDE4D17BF}
	EndProjectSection
EndProject
Project("{8BC9CEB8-8B4A-11D0-8D11-00A0C91BC942}") = "RUN_TESTS", "RUN_TESTS.vcxproj", "{AF62DBCE-088F-3C92-916C-61250BFC96E2}"
	ProjectSection(ProjectDependencies) = postProject
		{97393AB6-0298-37C3-B2A7-D3EAB36E7D7F} = {97393AB6-0298-37C3-B2A7-D3EAB36E7D7F}
	EndProjectSection
EndProject
Project("{8BC9CEB8-8B4A-11D0-8D11-00A0C91BC942}") = "ZERO_CHECK", "ZERO_CHECK.vcxproj", "{97393AB6-0298-37C3-B2A7-D3EAB36E7D7F}"
EndProject
Project("{8BC9CEB8-8B4A-11D0-8D11-00A0C91BC942}") = "aes_cbc", "src\encrypt\aes_cbc.vcxproj", "{BBAED79E-FE99-3504-A21D-227DF141F665}"
	ProjectSection(ProjectDependencies) = postProject
		{97393AB6-0298-37C3-B2A7-D3EAB36E7D7F} = {97393AB6-0298-37C3-B2A7-D3EAB36E7D7F}
		{8BA6BD22-1DBD-3DF9-91E2-267DCF21C2E8} = {8BA6BD22-1DBD-3DF9-91E2-267DCF21C2E8}
	EndProjectSection
EndProject
Project("{8BC9CEB8-8B4A-11D0-8D11-00A0C91BC942}") = "aes_cmac_kdf", "src\derivation\aes_cmac_kdf.vcxproj", "{5200814E-24CC-3739-BCB1-CEBC1F1030C2}"
	ProjectSection(ProjectDependencies) = postProject
		{97393AB6-0298-37C3-B2A7-D3EAB36E7D7F} = {97393AB6-0298-37C3-B2A7-D3EAB36E7D7F}
		{8BA6BD22-1DBD-3DF9-91E2-267DCF21C2E8} = {8BA6BD22-1DBD-3DF9-91E2-267DCF21C2E8}
	EndProjectSection
EndProject
Project("{8BC9CEB8-8B4A-11D0-8D11-00A0C91BC942}") = "aes_ctr", "src\encrypt\aes_ctr.vcxproj", "{73A216B1-009F-3D89-94EA-77340C83A3F2}"
	ProjectSection(ProjectDependencies) = postProject
		{97393AB6-0298-37C3-B2A7-D3EAB36E7D7F} = {97393AB6-0298-37C3-B2A7-D3EAB36E7D7F}
		{8BA6BD22-1DBD-3DF9-91E2-267DCF21C2E8} = {8BA6BD22-1DBD-3DF9-91E2-267DCF21C2E8}
	EndProjectSection
EndProject
Project("{8BC9CEB8-8B4A-11D0-8D11-00A0C91BC942}") = "aes_ecb", "src\encrypt\aes_ecb.vcxproj", "{7EAD8651-4194-3DE5-B786-4130F5CD8C0F}"
	ProjectSection(ProjectDependencies) = postProject
		{97393AB6-0298-37C3-B2A7-D3EAB36E7D7F} = {97393AB6-0298-37C3-B2A7-D3EAB36E7D7F}
		{8BA6BD22-1DBD-3DF9-91E2-267DCF21C2E8} = {8BA6BD22-1DBD-3DF9-91E2-267DCF21C2E8}
	EndProjectSection
EndProject
Project("{8BC9CEB8-8B4A-11D0-8D11-00A0C91BC942}") = "aes_gcm", "src\encrypt\aes_gcm.vcxproj", "{52AF8B84-66C0-3D98-A2EB-25B364497949}"
	ProjectSection(ProjectDependencies) = postProject
		{97393AB6-0298-37C3-B2A7-D3EAB36E7D7F} = {97393AB6-0298-37C3-B2A7-D3EAB36E7D7F}
		{8BA6BD22-1DBD-3DF9-91E2-267DCF21C2E8} = {8BA6BD22-1DBD-3DF9-91E2-267DCF21C2E8}
	EndProjectSection
EndProject
Project("{8BC9CEB8-8B4A-11D0-8D11-00A0C91BC942}") = "aes_gcm_wrapping", "src\wrapping\aes_gcm_wrapping.vcxproj", "{7A5B0D8A-FE4F-3699-9459-E9C9BC796AB2}"
	ProjectSection(ProjectDependencies) = postProject
		{97393AB6-0298-37C3-B2A7-D3EAB36E7D7F} = {97393AB6-0298-37C3-B2A7-D3EAB36E7D7F}
		{8BA6BD22-1DBD-3DF9-91E2-267DCF21C2E8} = {8BA6BD22-1DBD-3DF9-91E2-267DCF21C2E8}
	EndProjectSection
EndProject
Project("{8BC9CEB8-8B4A-11D0-8D11-00A0C91BC942}") = "aes_generate", "src\generate\aes_generate.vcxproj", "{9DAC5470-0C11-3319-919F-21BDFC294A26}"
	ProjectSection(ProjectDependencies) = postProject
		{97393AB6-0298-37C3-B2A7-D3EAB36E7D7F} = {97393AB6-0298-37C3-B2A7-D3EAB36E7D7F}
		{8BA6BD22-1DBD-3DF9-91E2-267DCF21C2E8} = {8BA6BD22-1DBD-3DF9-91E2-267DCF21C2E8}
	EndProjectSection
EndProject
Project("{8BC9CEB8-8B4A-11D0-8D11-00A0C91BC942}") = "aes_no_padding_wrapping", "src\wrapping\aes_no_padding_wrapping.vcxproj", "{B69A6935-CFDD-3C3A-9972-EE6BD7A99DA3}"
	ProjectSection(ProjectDependencies) = postProject
		{97393AB6-0298-37C3-B2A7-D3EAB36E7D7F} = {97393AB6-0298-37C3-B2A7-D3EAB36E7D7F}
		{8BA6BD22-1DBD-3DF9-91E2-267DCF21C2E8} = {8BA6BD22-1DBD-3DF9-91E2-267DCF21C2E8}
	EndProjectSection
EndProject
Project("{8BC9CEB8-8B4A-11D0-8D11-00A0C91BC942}") = "aes_wrapping", "src\wrapping\aes_wrapping.vcxproj", "{60979DC6-337F-397D-8514-3D7993D6F5C1}"
	ProjectSection(ProjectDependencies) = postProject
		{97393AB6-0298-37C3-B2A7-D3EAB36E7D7F} = {97393AB6-0298-37C3-B2A7-D3EAB36E7D7F}
		{8BA6BD22-1DBD-3DF9-91E2-267DCF21C2E8} = {8BA6BD22-1DBD-3DF9-91E2-267DCF21C2E8}
	EndProjectSection
EndProject
Project("{8BC9CEB8-8B4A-11D0-8D11-00A0C91BC942}") = "aes_zero_padding_wrapping", "src\wrapping\aes_zero_padding_wrapping.vcxproj", "{80982A09-87BA-323C-A9AF-4B87D9A70606}"
	ProjectSection(ProjectDependencies) = postProject
		{97393AB6-0298-37C3-B2A7-D3EAB36E7D7F} = {97393AB6-0298-37C3-B2A7-D3EAB36E7D7F}
		{8BA6BD22-1DBD-3DF9-91E2-267DCF21C2E8} = {8BA6BD22-1DBD-3DF9-91E2-267DCF21C2E8}
	EndProjectSection
EndProject
Project("{8BC9CEB8-8B4A-11D0-8D11-00A0C91BC942}") = "attributes", "src\attributes\attributes.vcxproj", "{41DDD1B5-395B-3AA6-8B19-1ACF1FCAC0DB}"
	ProjectSection(ProjectDependencies) = postProject
		{97393AB6-0298-37C3-B2A7-D3EAB36E7D7F} = {97393AB6-0298-37C3-B2A7-D3EAB36E7D7F}
	EndProjectSection
EndProject
Project("{8BC9CEB8-8B4A-11D0-8D11-00A0C91BC942}") = "attributes_cmd", "src\attributes\attributes_cmd.vcxproj", "{7B94CBF6-4A56-3A2E-A188-CCA5F15DB45B}"
	ProjectSection(ProjectDependencies) = postProject
		{97393AB6-0298-37C3-B2A7-D3EAB36E7D7F} = {97393AB6-0298-37C3-B2A7-D3EAB36E7D7F}
		{41DDD1B5-395B-3AA6-8B19-1ACF1FCAC0DB} = {41DDD1B5-395B-3AA6-8B19-1ACF1FCAC0DB}
		{8BA6BD22-1DBD-3DF9-91E2-267DCF21C2E8} = {8BA6BD22-1DBD-3DF9-91E2-267DCF21C2E8}
	EndProjectSection
EndProject
Project("{8BC9CEB8-8B4A-11D0-8D11-00A0C91BC942}") = "cloudhsmpkcs11", "src\common\cloudhsmpkcs11.vcxproj", "{8BA6BD22-1DBD-3DF9-91E2-267DCF21C2E8}"
	ProjectSection(ProjectDependencies) = postProject
		{97393AB6-0298-37C3-B2A7-D3EAB36E7D7F} = {97393AB6-0298-37C3-B2A7-D3EAB36E7D7F}
	EndProjectSection
EndProject
Project("{8BC9CEB8-8B4A-11D0-8D11-00A0C91BC942}") = "des_ecb", "src\encrypt\des_ecb.vcxproj", "{3B385810-CED5-3F28-A0A8-CCB85CB37058}"
	ProjectSection(ProjectDependencies) = postProject
		{97393AB6-0298-37C3-B2A7-D3EAB36E7D7F} = {97393AB6-0298-37C3-B2A7-D3EAB36E7D7F}
		{8BA6BD22-1DBD-3DF9-91E2-267DCF21C2E8} = {8BA6BD22-1DBD-3DF9-91E2-267DCF21C2E8}
	EndProjectSection
EndProject
Project("{8BC9CEB8-8B4A-11D0-8D11-00A0C91BC942}") = "destroy", "src\destroy\destroy.vcxproj", "{2843500A-8497-354C-B33F-5450F1DF8FFD}"
	ProjectSection(ProjectDependencies) = postProject
		{97393AB6-0298-37C3-B2A7-D3EAB36E7D7F} = {97393AB6-0298-37C3-B2A7-D3EAB36E7D7F}
	EndProjectSection
EndProject
Project("{8BC9CEB8-8B4A-11D0-8D11-00A0C91BC942}") = "destroy_cmd", "src\destroy\destroy_cmd.vcxproj", "{C23BCA51-7FE1-3DF3-849B-B8D43C0029E8}"
	ProjectSection(ProjectDependencies) = postProject
		{97393AB6-0298-37C3-B2A7-D3EAB36E7D7F} = {97393AB6-0298-37C3-B2A7-D3EAB36E7D7F}
		{8BA6BD22-1DBD-3DF9-91E2-267DCF21C2E8} = {8BA6BD22-1DBD-3DF9-91E2-267DCF21C2E8}
		{2843500A-8497-354C-B33F-5450F1DF8FFD} = {2843500A-8497-354C-B33F-5450F1DF8FFD}
	EndProjectSection
EndProject
Project("{8BC9CEB8-8B4A-11D0-8D11-00A0C91BC942}") = "digest", "src\digest\digest.vcxproj", "{DC2244B5-9A93-364A-A201-67F0B62F3644}"
	ProjectSection(ProjectDependencies) = postProject
		{97393AB6-0298-37C3-B2A7-D3EAB36E7D7F} = {97393AB6-0298-37C3-B2A7-D3EAB36E7D7F}
		{8BA6BD22-1DBD-3DF9-91E2-267DCF21C2E8} = {8BA6BD22-1DBD-3DF9-91E2-267DCF21C2E8}
	EndProjectSection
EndProject
Project("{8BC9CEB8-8B4A-11D0-8D11-00A0C91BC942}") = "ec_generate", "src\generate\ec_generate.vcxproj", "{6F84F123-C036-3B33-9338-EB8FD498ADCF}"
	ProjectSection(ProjectDependencies) = postProject
		{97393AB6-0298-37C3-B2A7-D3EAB36E7D7F} = {97393AB6-0298-37C3-B2A7-D3EAB36E7D7F}
		{8BA6BD22-1DBD-3DF9-91E2-267DCF21C2E8} = {8BA6BD22-1DBD-3DF9-91E2-267DCF21C2E8}
	EndProjectSection
EndProject
Project("{8BC9CEB8-8B4A-11D0-8D11-00A0C91BC942}") = "ecdh", "src\derivation\ecdh.vcxproj", "{2861835F-E1D6-30C9-AAA5-8CC25A850CF0}"
	ProjectSection(ProjectDependencies) = postProject
		{97393AB6-0298-37C3-B2A7-D3EAB36E7D7F} = {97393AB6-0298-37C3-B2A7-D3EAB36E7D7F}
		{8BA6BD22-1DBD-3DF9-91E2-267DCF21C2E8} = {8BA6BD22-1DBD-3DF9-91E2-267DCF21C2E8}
	EndProjectSection
EndProject
Project("{8BC9CEB8-8B4A-11D0-8D11-00A0C91BC942}") = "find_objects", "src\find_objects\find_objects.vcxproj", "{BA4E8680-E628-3D82-8D74-517E478771FD}"
	ProjectSection(ProjectDependencies) = postProject
		{97393AB6-0298-37C3-B2A7-D3EAB36E7D7F} = {97393AB6-0298-37C3-B2A7-D3EAB36E7D7F}
		{8BA6BD22-1DBD-3DF9-91E2-267DCF21C2E8} = {8BA6BD22-1DBD-3DF9-91E2-267DCF21C2E8}
	EndProjectSection
EndProject
Project("{8BC9CEB8-8B4A-11D0-8D11-00A0C91BC942}") = "generate_random", "src\generate_random\generate_random.vcxproj", "{51496516-8A6B-3DCF-945D-3F4A10F67BC0}"
	ProjectSection(ProjectDependencies) = postProject
		{97393AB6-0298-37C3-B2A7-D3EAB36E7D7F} = {97393AB6-0298-37C3-B2A7-D3EAB36E7D7F}
		{8BA6BD22-1DBD-3DF9-91E2-267DCF21C2E8} = {8BA6BD22-1DBD-3DF9-91E2-267DCF21C2E8}
	EndProjectSection
EndProject
Project("{8BC9CEB8-8B4A-11D0-8D11-00A0C91BC942}") = "hmac_kdf", "src\derivation\hmac_kdf.vcxproj", "{F5CD35C6-43EB-35D2-8406-EF1D031CE8E1}"
	ProjectSection(ProjectDependencies) = postProject
		{97393AB6-0298-37C3-B2A7-D3EAB36E7D7F} = {97393AB6-0298-37C3-B2A7-D3EAB36E7D7F}
		{8BA6BD22-1DBD-3DF9-91E2-267DCF21C2E8} = {8BA6BD22-1DBD-3DF9-91E2-267DCF21C2E8}
	EndProjectSection
EndProject
Project("{8BC9CEB8-8B4A-11D0-8D11-00A0C91BC942}") = "import_pub_key", "src\tools\import_pub_key.vcxproj", "{CEC0E6E1-D90A-3E52-ABF1-84D7BE7200C3}"
	ProjectSection(ProjectDependencies) = postProject
		{97393AB6-0298-37C3-B2A7-D3EAB36E7D7F} = {97393AB6-0298-37C3-B2A7-D3EAB36E7D7F}
		{8BA6BD22-1DBD-3DF9-91E2-267DCF21C2E8} = {8BA6BD22-1DBD-3DF9-91E2-267DCF21C2E8}
	EndProjectSection
EndProject
Project("{8BC9CEB8-8B4A-11D0-8D11-00A0C91BC942}") = "login_state", "src\session\login_state.vcxproj", "{49274320-5AFF-3056-B53F-665314ACC54F}"
	ProjectSection(ProjectDependencies) = postProject
		{97393AB6-0298-37C3-B2A7-D3EAB36E7D7F} = {97393AB6-0298-37C3-B2A7-D3EAB36E7D7F}
		{8BA6BD22-1DBD-3DF9-91E2-267DCF21C2E8} = {8BA6BD22-1DBD-3DF9-91E2-267DCF21C2E8}
	EndProjectSection
EndProject
Project("{8BC9CEB8-8B4A-11D0-8D11-00A0C91BC942}") = "mechanism_info", "src\mechanism_info\mechanism_info.vcxproj", "{D05007D7-E372-3993-A537-C586AB8A3A42}"
	ProjectSection(ProjectDependencies) = postProject
		{97393AB6-0298-37C3-B2A7-D3EAB36E7D7F} = {97393AB6-0298-37C3-B2A7-D3EAB36E7D7F}
		{8BA6BD22-1DBD-3DF9-91E2-267DCF21C2E8} = {8BA6BD22-1DBD-3DF9-91E2-267DCF21C2E8}
	EndProjectSection
EndProject
Project("{8BC9CEB8-8B4A-11D0-8D11-00A0C91BC942}") = "multi_part_digest", "src\digest\multi_part_digest.vcxproj", "{10458A01-F5C9-3C6D-99A3-185DD49A10CE}"
	ProjectSection(ProjectDependencies) = postProject
		{97393AB6-0298-37C3-B2A7-D3EAB36E7D7F} = {97393AB6-0298-37C3-B2A7-D3EAB36E7D7F}
		{8BA6BD22-1DBD-3DF9-91E2-267DCF21C2E8} = {8BA6BD22-1DBD-3DF9-91E2-267DCF21C2E8}
	EndProjectSection
EndProject
Project("{8BC9CEB8-8B4A-11D0-8D11-00A0C91BC942}") = "multi_part_sign", "src\sign\multi_part_sign.vcxproj", "{056556B9-905A-3843-8CA4-49DC6C6CBF35}"
	ProjectSection(ProjectDependencies) = postProject
		{97393AB6-0298-37C3-B2A7-D3EAB36E7D7F} = {97393AB6-0298-37C3-B2A7-D3EAB36E7D7F}
		{8BA6BD22-1DBD-3DF9-91E2-267DCF21C2E8} = {8BA6BD22-1DBD-3DF9-91E2-267DCF21C2E8}
	EndProjectSection
EndProject
Project("{8BC9CEB8-8B4A-11D0-8D11-00A0C91BC942}") = "rsa_generate", "src\generate\rsa_generate.vcxproj", "{85573254-521C-3758-8344-1FA47FAE6860}"
	ProjectSection(ProjectDependencies) = postProject
		{97393AB6-0298-37C3-B2A7-D3EAB36E7D7F} = {97393AB6-0298-37C3-B2A7-D3EAB36E7D7F}
		{8BA6BD22-1DBD-3DF9-91E2-267DCF21C2E8} = {8BA6BD22-1DBD-3DF9-91E2-267DCF21C2E8}
	EndProjectSection
EndProject
Project("{8BC9CEB8-8B4A-11D0-8D11-00A0C91BC942}") = "rsa_wrapping", "src\wrapping\rsa_wrapping.vcxproj", "{687C38F6-5284-3E86-A3C0-C4F037AA7D41}"
	ProjectSection(ProjectDependencies) = postProject
		{97393AB6-0298-37C3-B2A7-D3EAB36E7D7F} = {97393AB6-0298-37C3-B2A7-D3EAB36E7D7F}
		{8BA6BD22-1DBD-3DF9-91E2-267DCF21C2E8} = {8BA6BD22-1DBD-3DF9-91E2-267DCF21C2E8}
	EndProjectSection
EndProject
Project("{8BC9CEB8-8B4A-11D0-8D11-00A0C91BC942}") = "session_keys", "src\session\session_keys.vcxproj", "{44E85C90-3742-357F-BD82-167E7EEF9A14}"
	ProjectSection(ProjectDependencies) = postProject
		{97393AB6-0298-37C3-B2A7-D3EAB36E7D7F} = {97393AB6-0298-37C3-B2A7-D3EAB36E7D7F}
		{8BA6BD22-1DBD-3DF9-91E2-267DCF21C2E8} = {8BA6BD22-1DBD-3DF9-91E2-267DCF21C2E8}
	EndProjectSection
EndProject
Project("{8BC9CEB8-8B4A-11D0-8D11-00A0C91BC942}") = "sign", "src\sign\sign.vcxproj", "{6AD1CAD8-D8E7-34BE-8D9F-8EF139DD3E6E}"
	ProjectSection(ProjectDependencies) = postProject
		{97393AB6-0298-37C3-B2A7-D3EAB36E7D7F} = {97393AB6-0298-37C3-B2A7-D3EAB36E7D7F}
		{8BA6BD22-1DBD-3DF9-91E2-267DCF21C2E8} = {8BA6BD22-1DBD-3DF9-91E2-267DCF21C2E8}
	EndProjectSection
EndProject
Project("{8BC9CEB8-8B4A-11D0-8D11-00A0C91BC942}") = "unwrap_with_template", "src\wrapping\unwrap_with_template.vcxproj", "{4DF295D4-E15B-3AC4-9D06-FE2D48A7B30F}"
	ProjectSection(ProjectDependencies) = postProject
		{97393AB6-0298-37C3-B2A7-D3EAB36E7D7F} = {97393AB6-0298-37C3-B2A7-D3EAB36E7D7F}
		{8BA6BD22-1DBD-3DF9-91E2-267DCF21C2E8} = {8BA6BD22-1DBD-3DF9-91E2-267DCF21C2E8}
	EndProjectSection
EndProject
Project("{8BC9CEB8-8B4A-11D0-8D11-00A0C91BC942}") = "wrap_with_imported_rsa_key", "src\tools\wrap_with_imported_rsa_key.vcxproj", "{965ADA62-181D-3DC9-BB9D-3F77DABB62DE}"
	ProjectSection(ProjectDependencies) = postProject
		{97393AB6-0298-37C3-B2A7-D3EAB36E7D7F} = {97393AB6-0298-37C3-B2A7-D3EAB36E7D7F}
	EndProjectSection
EndProject
Project("{8BC9CEB8-8B4A-11D0-8D11-00A0C91BC942}") = "wrap_with_template", "src\wrapping\wrap_with_template.vcxproj", "{7981B793-7413-34B6-B3C8-5FFEDE4D17BF}"
	ProjectSection(ProjectDependencies) = postProject
		{97393AB6-0298-37C3-B2A7-D3EAB36E7D7F} = {97393AB6-0298-37C3-B2A7-D3EAB36E7D7F}
		{8BA6BD22-1DBD-3DF9-91E2-267DCF21C2E8} = {8BA6BD22-1DBD-3DF9-91E2-267DCF21C2E8}
	EndProjectSection
EndProject
Global
	GlobalSection(SolutionConfigurationPlatforms) = preSolution
		Debug|x64 = Debug|x64
		MinSizeRel|x64 = MinSizeRel|x64
		Release|x64 = Release|x64
		RelWithDebInfo|x64 = RelWithDebInfo|x64
	EndGlobalSection
	GlobalSection(ProjectConfigurationPlatforms) = postSolution
		{D159BD7B-18BF-3D9D-990D-9371693862CB}.Debug|x64.ActiveCfg = Debug|x64
		{D159BD7B-18BF-3D9D-990D-9371693862CB}.MinSizeRel|x64.ActiveCfg = MinSizeRel|x64
		{D159BD7B-18BF-3D9D-990D-9371693862CB}.Release|x64.ActiveCfg = Release|x64
		{D159BD7B-18BF-3D9D-990D-9371693862CB}.RelWithDebInfo|x64.ActiveCfg = RelWithDebInfo|x64
		{AF62DBCE-088F-3C92-916C-61250BFC96E2}.Debug|x64.ActiveCfg = Debug|x64
		{AF62DBCE-088F-3C92-916C-61250BFC96E2}.Debug|x64.Build.0 = Debug|x64
		{AF62DBCE-088F-3C92-916C-61250BFC96E2}.MinSizeRel|x64.ActiveCfg = MinSizeRel|x64
		{AF62DBCE-088F-3C92-916C-61250BFC96E2}.Release|x64.ActiveCfg = Release|x64
		{AF62DBCE-088F-3C92-916C-61250BFC96E2}.RelWithDebInfo|x64.ActiveCfg = RelWithDebInfo|x64
		{97393AB6-0298-37C3-B2A7-D3EAB36E7D7F}.Debug|x64.ActiveCfg = Debug|x64
		{97393AB6-0298-37C3-B2A7-D3EAB36E7D7F}.Debug|x64.Build.0 = Debug|x64
		{97393AB6-0298-37C3-B2A7-D3EAB36E7D7F}.MinSizeRel|x64.ActiveCfg = MinSizeRel|x64
		{97393AB6-0298-37C3-B2A7-D3EAB36E7D7F}.MinSizeRel|x64.Build.0 = MinSizeRel|x64
		{97393AB6-0298-37C3-B2A7-D3EAB36E7D7F}.Release|x64.ActiveCfg = Release|x64
		{97393AB6-0298-37C3-B2A7-D3EAB36E7D7F}.Release|x64.Build.0 = Release|x64
		{97393AB6-0298-37C3-B2A7-D3EAB36E7D7F}.RelWithDebInfo|x64.ActiveCfg = RelWithDebInfo|x64
		{97393AB6-0298-37C3-B2A7-D3EAB36E7D7F}.RelWithDebInfo|x64.Build.0 = RelWithDebInfo|x64
		{BBAED79E-FE99-3504-A21D-227DF141F665}.Debug|x64.ActiveCfg = Debug|x64
		{BBAED79E-FE99-3504-A21D-227DF141F665}.Debug|x64.Build.0 = Debug|x64
		{BBAED79E-FE99-3504-A21D-227DF141F665}.MinSizeRel|x64.ActiveCfg = MinSizeRel|x64
		{BBAED79E-FE99-3504-A21D-227DF141F665}.MinSizeRel|x64.Build.0 = MinSizeRel|x64
		{BBAED79E-FE99-3504-A21D-227DF141F665}.Release|x64.ActiveCfg = Release|x64
		{BBAED79E-FE99-3504-A21D-227DF141F665}.Release|x64.Build.0 = Release|x64
		{BBAED79E-FE99-3504-A21D-227DF141F665}.RelWithDebInfo|x64.ActiveCfg = RelWithDebInfo|x64
		{BBAED79E-FE99-3504-A21D-227DF141F665}.RelWithDebInfo|x64.Build.0 = RelWithDebInfo|x64
		{5200814E-24CC-3739-BCB1-CEBC1F1030C2}.Debug|x64.ActiveCfg = Debug|x64
		{5200814E-24CC-3739-BCB1-CEBC1F1030C2}.Debug|x64.Build.0 = Debug|x64
		{5200814E-24CC-3739-BCB1-CEBC1F1030C2}.MinSizeRel|x64.ActiveCfg = MinSizeRel|x64
		{5200814E-24CC-3739-BCB1-CEBC1F1030C2}.MinSizeRel|x64.Build.0 = MinSizeRel|x64
		{5200814E-24CC-3739-BCB1-CEBC1F1030C2}.Release|x64.ActiveCfg = Release|x64
		{5200814E-24CC-3739-BCB1-CEBC1F1030C2}.Release|x64.Build.0 = Release|x64
		{5200814E-24CC-3739-BCB1-CEBC1F1030C2}.RelWithDebInfo|x64.ActiveCfg = RelWithDebInfo|x64
		{5200814E-24CC-3739-BCB1-CEBC1F1030C2}.RelWithDebInfo|x64.Build.0 = RelWithDebInfo|x64
		{73A216B1-009F-3D89-94EA-77340C83A3F2}.Debug|x64.ActiveCfg = Debug|x64
		{73A216B1-009F-3D89-94EA-77340C83A3F2}.Debug|x64.Build.0 = Debug|x64
		{73A216B1-009F-3D89-94EA-77340C83A3F2}.MinSizeRel|x64.ActiveCfg = MinSizeRel|x64
		{73A216B1-009F-3D89-94EA-77340C83A3F2}.MinSizeRel|x64.Build.0 = MinSizeRel|x64
		{73A216B1-009F-3D89-94EA-77340C83A3F2}.Release|x64.ActiveCfg = Release|x64
		{73A216B1-009F-3D89-94EA-77340C83A3F2}.Release|x64.Build.0 = Release|x64
		{73A216B1-009F-3D89-94EA-77340C83A3F2}.RelWithDebInfo|x64.ActiveCfg = RelWithDebInfo|x64
		{73A216B1-009F-3D89-94EA-77340C83A3F2}.RelWithDebInfo|x64.Build.0 = RelWithDebInfo|x64
		{7EAD8651-4194-3DE5-B786-4130F5CD8C0F}.Debug|x64.ActiveCfg = Debug|x64
		{7EAD8651-4194-3DE5-B786-4130F5CD8C0F}.Debug|x64.Build.0 = Debug|x64
		{7EAD8651-4194-3DE5-B786-4130F5CD8C0F}.MinSizeRel|x64.ActiveCfg = MinSizeRel|x64
		{7EAD8651-4194-3DE5-B786-4130F5CD8C0F}.MinSizeRel|x64.Build.0 = MinSizeRel|x64
		{7EAD8651-4194-3DE5-B786-4130F5CD8C0F}.Release|x64.ActiveCfg = Release|x64
		{7EAD8651-4194-3DE5-B786-4130F5CD8C0F}.Release|x64.Build.0 = Release|x64
		{7EAD8651-4194-3DE5-B786-4130F5CD8C0F}.RelWithDebInfo|x64.ActiveCfg = RelWithDebInfo|x64
		{7EAD8651-4194-3DE5-B786-4130F5CD8C0F}.RelWithDebInfo|x64.Build.0 = RelWithDebInfo|x64
		{52AF8B84-66C0-3D98-A2EB-25B364497949}.Debug|x64.ActiveCfg = Debug|x64
		{52AF8B84-66C0-3D98-A2EB-25B364497949}.Debug|x64.Build.0 = Debug|x64
		{52AF8B84-66C0-3D98-A2EB-25B364497949}.MinSizeRel|x64.ActiveCfg = MinSizeRel|x64
		{52AF8B84-66C0-3D98-A2EB-25B364497949}.MinSizeRel|x64.Build.0 = MinSizeRel|x64
		{52AF8B84-66C0-3D98-A2EB-25B364497949}.Release|x64.ActiveCfg = Release|x64
		{52AF8B84-66C0-3D98-A2EB-25B364497949}.Release|x64.Build.0 = Release|x64
		{52AF8B84-66C0-3D98-A2EB-25B364497949}.RelWithDebInfo|x64.ActiveCfg = RelWithDebInfo|x64
		{52AF8B84-66C0-3D98-A2EB-25B364497949}.RelWithDebInfo|x64.Build.0 = RelWithDebInfo|x64
		{7A5B0D8A-FE4F-3699-9459-E9C9BC796AB2}.Debug|x64.ActiveCfg = Debug|x64
		{7A5B0D8A-FE4F-3699-9459-E9C9BC796AB2}.Debug|x64.Build.0 = Debug|x64
		{7A5B0D8A-FE4F-3699-9459-E9C9BC796AB2}.MinSizeRel|x64.ActiveCfg = MinSizeRel|x64
		{7A5B0D8A-FE4F-3699-9459-E9C9BC796AB2}.MinSizeRel|x64.Build.0 = MinSizeRel|x64
		{7A5B0D8A-FE4F-3699-9459-E9C9BC796AB2}.Release|x64.ActiveCfg = Release|x64
		{7A5B0D8A-FE4F-3699-9459-E9C9BC796AB2}.Release|x64.Build.0 = Release|x64
		{7A5B0D8A-FE4F-3699-9459-E9C9BC796AB2}.RelWithDebInfo|x64.ActiveCfg = RelWithDebInfo|x64
		{7A5B0D8A-FE4F-3699-9459-E9C9BC796AB2}.RelWithDebInfo|x64.Build.0 = RelWithDebInfo|x64
		{9DAC5470-0C11-3319-919F-21BDFC294A26}.Debug|x64.ActiveCfg = Debug|x64
		{9DAC5470-0C11-3319-919F-21BDFC294A26}.Debug|x64.Build.0 = Debug|x64
		{9DAC5470-0C11-3319-919F-21BDFC294A26}.MinSizeRel|x64.ActiveCfg = MinSizeRel|x64
		{9DAC5470-0C11-3319-919F-21BDFC294A26}.MinSizeRel|x64.Build.0 = MinSizeRel|x64
		{9DAC5470-0C11-3319-919F-21BDFC294A26}.Release|x64.ActiveCfg = Release|x64
		{9DAC5470-0C11-3319-919F-21BDFC294A26}.Release|x64.Build.0 = Release|x64
		{9DAC5470-0C11-3319-919F-21BDFC294A26}.RelWithDebInfo|x64.ActiveCfg = RelWithDebInfo|x64
		{9DAC5470-0C11-3319-919F-21BDFC294A26}.RelWithDebInfo|x64.Build.0 = RelWithDebInfo|x64
		{B69A6935-CFDD-3C3A-9972-EE6BD7A99DA3}.Debug|x64.ActiveCfg = Debug|x64
		{B69A6935-CFDD-3C3A-9972-EE6BD7A99DA3}.Debug|x64.Build.0 = Debug|x64
		{B69A6935-CFDD-3C3A-9972-EE6BD7A99DA3}.MinSizeRel|x64.ActiveCfg = MinSizeRel|x64
		{B69A6935-CFDD-3C3A-9972-EE6BD7A99DA3}.MinSizeRel|x64.Build.0 = MinSizeRel|x64
		{B69A6935-CFDD-3C3A-9972-EE6BD7A99DA3}.Release|x64.ActiveCfg = Release|x64
		{B69A6935-CFDD-3C3A-9972-EE6BD7A99DA3}.Release|x64.Build.0 = Release|x64
		{B69A6935-CFDD-3C3A-9972-EE6BD7A99DA3}.RelWithDebInfo|x64.ActiveCfg = RelWithDebInfo|x64
		{B69A6935-CFDD-3C3A-9972-EE6BD7A99DA3}.RelWithDebInfo|x64.Build.0 = RelWithDebInfo|x64
		{60979DC6-337F-397D-8514-3D7993D6F5C1}.Debug|x64.ActiveCfg = Debug|x64
		{60979DC6-337F-397D-8514-3D7993D6F5C1}.Debug|x64.Build.0 = Debug|x64
		{60979DC6-337F-397D-8514-3D7993D6F5C1}.MinSizeRel|x64.ActiveCfg = MinSizeRel|x64
		{60979DC6-337F-397D-8514-3D7993D6F5C1}.MinSizeRel|x64.Build.0 = MinSizeRel|x64
		{60979DC6-337F-397D-8514-3D7993D6F5C1}.Release|x64.ActiveCfg = Release|x64
		{60979DC6-337F-397D-8514-3D7993D6F5C1}.Release|x64.Build.0 = Release|x64
		{60979DC6-337F-397D-8514-3D7993D6F5C1}.RelWithDebInfo|x64.ActiveCfg = RelWithDebInfo|x64
		{60979DC6-337F-397D-8514-3D7993D6F5C1}.RelWithDebInfo|x64.Build.0 = RelWithDebInfo|x64
		{80982A09-87BA-323C-A9AF-4B87D9A70606}.Debug|x64.ActiveCfg = Debug|x64
		{80982A09-87BA-323C-A9AF-4B87D9A70606}.Debug|x64.Build.0 = Debug|x64
		{80982A09-87BA-323C-A9AF-4B87D9A70606}.MinSizeRel|x64.ActiveCfg = MinSizeRel|x64
		{80982A09-87BA-323C-A9AF-4B87D9A70606}.MinSizeRel|x64.Build.0 = MinSizeRel|x64
		{80982A09-87BA-323C-A9AF-4B87D9A70606}.Release|x64.ActiveCfg = Release|x64
		{80982A09-87BA-323C-A9AF-4B87D9A70606}.Release|x64.Build.0 = Release|x64
		{80982A09-87BA-323C-A9AF-4B87D9A70606}.RelWithDebInfo|x64.ActiveCfg = RelWithDebInfo|x64
		{80982A09-87BA-323C-A9AF-4B87D9A70606}.RelWithDebInfo|x64.Build.0 = RelWithDebInfo|x64
		{41DDD1B5-395B-3AA6-8B19-1ACF1FCAC0DB}.Debug|x64.ActiveCfg = Debug|x64
		{41DDD1B5-395B-3AA6-8B19-1ACF1FCAC0DB}.Debug|x64.Build.0 = Debug|x64
		{41DDD1B5-395B-3AA6-8B19-1ACF1FCAC0DB}.MinSizeRel|x64.ActiveCfg = MinSizeRel|x64
		{41DDD1B5-395B-3AA6-8B19-1ACF1FCAC0DB}.MinSizeRel|x64.Build.0 = MinSizeRel|x64
		{41DDD1B5-395B-3AA6-8B19-1ACF1FCAC0DB}.Release|x64.ActiveCfg = Release|x64
		{41DDD1B5-395B-3AA6-8B19-1ACF1FCAC0DB}.Release|x64.Build.0 = Release|x64
		{41DDD1B5-395B-3AA6-8B19-1ACF1FCAC0DB}.RelWithDebInfo|x64.ActiveCfg = RelWithDebInfo|x64
		{41DDD1B5-395B-3AA6-8B19-1ACF1FCAC0DB}.RelWithDebInfo|x64.Build.0 = RelWithDebInfo|x64
		{7B94CBF6-4A56-3A2E-A188-CCA5F15DB45B}.Debug|x64.ActiveCfg = Debug|x64
		{7B94CBF6-4A56-3A2E-A188-CCA5F15DB45B}.Debug|x64.Build.0 = Debug|x64
		{7B94CBF6-4A56-3A2E-A188-CCA5F15DB45B}.MinSizeRel|x64.ActiveCfg = MinSizeRel|x64
		{7B94CBF6-4A56-3A2E-A188-CCA5F15DB45B}.MinSizeRel|x64.Build.0 = MinSizeRel|x64
		{7B94CBF6-4A56-3A2E-A188-CCA5F15DB45B}.Release|x64.ActiveCfg = Release|x64
		{7B94CBF6-4A56-3A2E-A188-CCA5F15DB45B}.Release|x64.Build.0 = Release|x64
		{7B94CBF6-4A56-3A2E-A188-CCA5F15DB45B}.RelWithDebInfo|x64.ActiveCfg = RelWithDebInfo|x64
		{7B94CBF6-4A56-3A2E-A188-CCA5F15DB45B}.RelWithDebInfo|x64.Build.0 = RelWithDebInfo|x64
		{8BA6BD22-1DBD-3DF9-91E2-267DCF21C2E8}.Debug|x64.ActiveCfg = Debug|x64
		{8BA6BD22-1DBD-3DF9-91E2-267DCF21C2E8}.Debug|x64.Build.0 = Debug|x64
		{8BA6BD22-1DBD-3DF9-91E2-267DCF21C2E8}.MinSizeRel|x64.ActiveCfg = MinSizeRel|x64
		{8BA6BD22-1DBD-3DF9-91E2-267DCF21C2E8}.MinSizeRel|x64.Build.0 = MinSizeRel|x64
		{8BA6BD22-1DBD-3DF9-91E2-267DCF21C2E8}.Release|x64.ActiveCfg = Release|x64
		{8BA6BD22-1DBD-3DF9-91E2-267DCF21C2E8}.Release|x64.Build.0 = Release|x64
		{8BA6BD22-1DBD-3DF9-91E2-267DCF21C2E8}.RelWithDebInfo|x64.ActiveCfg = RelWithDebInfo|x64
		{8BA6BD22-1DBD-3DF9-91E2-267DCF21C2E8}.RelWithDebInfo|x64.Build.0 = RelWithDebInfo|x64
		{3B385810-CED5-3F28-A0A8-CCB85CB37058}.Debug|x64.ActiveCfg = Debug|x64
		{3B385810-CED5-3F28-A0A8-CCB85CB37058}.Debug|x64.Build.0 = Debug|x64
		{3B385810-CED5-3F28-A0A8-CCB85CB37058}.MinSizeRel|x64.ActiveCfg = MinSizeRel|x64
		{3B385810-CED5-3F28-A0A8-CCB85CB37058}.MinSizeRel|x64.Build.0 = MinSizeRel|x64
		{3B385810-CED5-3F28-A0A8-CCB85CB37058}.Release|x64.ActiveCfg = Release|x64
		{3B385810-CED5-3F28-A0A8-CCB85CB37058}.Release|x64.Build.0 = Release|x64
		{3B385810-CED5-3F28-A0A8-CCB85CB37058}.RelWithDebInfo|x64.ActiveCfg = RelWithDebInfo|x64
		{3B385810-CED5-3F28-A0A8-CCB85CB37058}.RelWithDebInfo|x64.Build.0 = RelWithDebInfo|x64
		{2843500A-8497-354C-B33F-5450F1DF8FFD}.Debug|x64.ActiveCfg = Debug|x64
		{2843500A-8497-354C-B33F-5450F1DF8FFD}.Debug|x64.Build.0 = Debug|x64
		{2843500A-8497-354C-B33F-5450F1DF8FFD}.MinSizeRel|x64.ActiveCfg = MinSizeRel|x64
		{2843500A-8497-354C-B33F-5450F1DF8FFD}.MinSizeRel|x64.Build.0 = MinSizeRel|x64
		{2843500A-8497-354C-B33F-5450F1DF8FFD}.Release|x64.ActiveCfg = Release|x64
		{2843500A-8497-354C-B33F-5450F1DF8FFD}.Release|x64.Build.0 = Release|x64
		{2843500A-8497-354C-B33F-5450F1DF8FFD}.RelWithDebInfo|x64.ActiveCfg = RelWithDebInfo|x64
		{2843500A-8497-354C-B33F-5450F1DF8FFD}.RelWithDebInfo|x64.Build.0 = RelWithDebInfo|x64
		{C23BCA51-7FE1-3DF3-849B-B8D43C0029E8}.Debug|x64.ActiveCfg = Debug|x64
		{C23BCA51-7FE1-3DF3-849B-B8D43C0029E8}.Debug|x64.Build.0 = Debug|x64
		{C23BCA51-7FE1-3DF3-849B-B8D43C0029E8}.MinSizeRel|x64.ActiveCfg = MinSizeRel|x64
		{C23BCA51-7FE1-3DF3-849B-B8D43C0029E8}.MinSizeRel|x64.Build.0 = MinSizeRel|x64
		{C23BCA51-7FE1-3DF3-849B-B8D43C0029E8}.Release|x64.ActiveCfg = Release|x64
		{C23BCA51-7FE1-3DF3-849B-B8D43C0029E8}.Release|x64.Build.0 = Release|x64
		{C23BCA51-7FE1-3DF3-849B-B8D43C0029E8}.RelWithDebInfo|x64.ActiveCfg = RelWithDebInfo|x64
		{C23BCA51-7FE1-3DF3-849B-B8D43C0029E8}.RelWithDebInfo|x64.Build.0 = RelWithDebInfo|x64
		{DC2244B5-9A93-364A-A201-67F0B62F3644}.Debug|x64.ActiveCfg = Debug|x64
		{DC2244B5-9A93-364A-A201-67F0B62F3644}.Debug|x64.Build.0 = Debug|x64
		{DC2244B5-9A93-364A-A201-67F0B62F3644}.MinSizeRel|x64.ActiveCfg = MinSizeRel|x64
		{DC2244B5-9A93-364A-A201-67F0B62F3644}.MinSizeRel|x64.Build.0 = MinSizeRel|x64
		{DC2244B5-9A93-364A-A201-67F0B62F3644}.Release|x64.ActiveCfg = Release|x64
		{DC2244B5-9A93-364A-A201-67F0B62F3644}.Release|x64.Build.0 = Release|x64
		{DC2244B5-9A93-364A-A201-67F0B62F3644}.RelWithDebInfo|x64.ActiveCfg = RelWithDebInfo|x64
		{DC2244B5-9A93-364A-A201-67F0B62F3644}.RelWithDebInfo|x64.Build.0 = RelWithDebInfo|x64
		{6F84F123-C036-3B33-9338-EB8FD498ADCF}.Debug|x64.ActiveCfg = Debug|x64
		{6F84F123-C036-3B33-9338-EB8FD498ADCF}.Debug|x64.Build.0 = Debug|x64
		{6F84F123-C036-3B33-9338-EB8FD498ADCF}.MinSizeRel|x64.ActiveCfg = MinSizeRel|x64
		{6F84F123-C036-3B33-9338-EB8FD498ADCF}.MinSizeRel|x64.Build.0 = MinSizeRel|x64
		{6F84F123-C036-3B33-9338-EB8FD498ADCF}.Release|x64.ActiveCfg = Release|x64
		{6F84F123-C036-3B33-9338-EB8FD498ADCF}.Release|x64.Build.0 = Release|x64
		{6F84F123-C036-3B33-9338-EB8FD498ADCF}.RelWithDebInfo|x64.ActiveCfg = RelWithDebInfo|x64
		{6F84F123-C036-3B33-9338-EB8FD498ADCF}.RelWithDebInfo|x64.Build.0 = RelWithDebInfo|x64
		{2861835F-E1D6-30C9-AAA5-8CC25A850CF0}.Debug|x64.ActiveCfg = Debug|x64
		{2861835F-E1D6-30C9-AAA5-8CC25A850CF0}.Debug|x64.Build.0 = Debug|x64
		{2861835F-E1D6-30C9-AAA5-8CC25A850CF0}.MinSizeRel|x64.ActiveCfg = MinSizeRel|x64
		{2861835F-E1D6-30C9-AAA5-8CC25A850CF0}.MinSizeRel|x64.Build.0 = MinSizeRel|x64
		{2861835F-E1D6-30C9-AAA5-8CC25A850CF0}.Release|x64.ActiveCfg = Release|x64
		{2861835F-E1D6-30C9-AAA5-8CC25A850CF0}.Release|x64.Build.0 = Release|x64
		{2861835F-E1D6-30C9-AAA5-8CC25A850CF0}.RelWithDebInfo|x64.ActiveCfg = RelWithDebInfo|x64
		{2861835F-E1D6-30C9-AAA5-8CC25A850CF0}.RelWithDebInfo|x64.Build.0 = RelWithDebInfo|x64
		{BA4E8680-E628-3D82-8D74-517E478771FD}.Debug|x64.ActiveCfg = Debug|x64
		{BA4E8680-E628-3D82-8D74-517E478771FD}.Debug|x64.Build.0 = Debug|x64
		{BA4E8680-E628-3D82-8D74-517E478771FD}.MinSizeRel|x64.ActiveCfg = MinSizeRel|x64
		{BA4E8680-E628-3D82-8D74-517E478771FD}.MinSizeRel|x64.Build.0 = MinSizeRel|x64
		{BA4E8680-E628-3D82-8D74-517E478771FD}.Release|x64.ActiveCfg = Release|x64
		{BA4E8680-E628-3D82-8D74-517E478771FD}.Release|x64.Build.0 = Release|x64
		{BA4E8680-E628-3D82-8D74-517E478771FD}.RelWithDebInfo|x64.ActiveCfg = RelWithDebInfo|x64
		{BA4E8680-E628-3D82-8D74-517E478771FD}.RelWithDebInfo|x64.Build.0 = RelWithDebInfo|x64
		{51496516-8A6B-3DCF-945D-3F4A10F67BC0}.Debug|x64.ActiveCfg = Debug|x64
		{51496516-8A6B-3DCF-945D-3F4A10F67BC0}.Debug|x64.Build.0 = Debug|x64
		{51496516-8A6B-3DCF-945D-3F4A10F67BC0}.MinSizeRel|x64.ActiveCfg = MinSizeRel|x64
		{51496516-8A6B-3DCF-945D-3F4A10F67BC0}.MinSizeRel|x64.Build.0 = MinSizeRel|x64
		{51496516-8A6B-3DCF-945D-3F4A10F67BC0}.Release|x64.ActiveCfg = Release|x64
		{51496516-8A6B-3DCF-945D-3F4A10F67BC0}.Release|x64.Build.0 = Release|x64
		{51496516-8A6B-3DCF-945D-3F4A10F67BC0}.RelWithDebInfo|x64.ActiveCfg = RelWithDebInfo|x64
		{51496516-8A6B-3DCF-945D-3F4A10F67BC0}.RelWithDebInfo|x64.Build.0 = RelWithDebInfo|x64
		{F5CD35C6-43EB-35D2-8406-EF1D031CE8E1}.Debug|x64.ActiveCfg = Debug|x64
		{F5CD35C6-43EB-35D2-8406-EF1D031CE8E1}.Debug|x64.Build.0 = Debug|x64
		{F5CD35C6-43EB-35D2-8406-EF1D031CE8E1}.MinSizeRel|x64.ActiveCfg = MinSizeRel|x64
		{F5CD35C6-43EB-35D2-8406-EF1D031CE8E1}.MinSizeRel|x64.Build.0 = MinSizeRel|x64
		{F5CD35C6-43EB-35D2-8406-EF1D031CE8E1}.Release|x64.ActiveCfg = Release|x64
		{F5CD35C6-43EB-35D2-8406-EF1D031CE8E1}.Release|x64.Build.0 = Release|x64
		{F5CD35C6-43EB-35D2-8406-EF1D031CE8E1}.RelWithDebInfo|x64.ActiveCfg = RelWithDebInfo|x64
		{F5CD35C6-43EB-35D2-8406-EF1D031CE8E1}.RelWithDebInfo|x64.Build.0 = RelWithDebInfo|x64
		{CEC0E6E1-D90A-3E52-ABF1-84D7BE7200C3}.Debug|x64.ActiveCfg = Debug|x64
		{CEC0E6E1-D90A-3E52-ABF1-84D7BE7200C3}.Debug|x64.Build.0 = Debug|x64
		{CEC0E6E1-D90A-3E52-ABF1-84D7BE7200C3}.MinSizeRel|x64.ActiveCfg = MinSizeRel|x64
		{CEC0E6E1-D90A-3E52-ABF1-84D7BE7200C3}.MinSizeRel|x64.Build.0 = MinSizeRel|x64
		{CEC0E6E1-D90A-3E52-ABF1-84D7BE7200C3}.Release|x64.ActiveCfg = Release|x64
		{CEC0E6E1-D90A-3E52-ABF1-84D7BE7200C3}.Release|x64.Build.0 = Release|x64
		{CEC0E6E1-D90A-3E52-ABF1-84D7BE7200C3}.RelWithDebInfo|x64.ActiveCfg = RelWithDebInfo|x64
		{CEC0E6E1-D90A-3E52-ABF1-84D7BE7200C3}.RelWithDebInfo|x64.Build.0 = RelWithDebInfo|x64
		{49274320-5AFF-3056-B53F-665314ACC54F}.Debug|x64.ActiveCfg = Debug|x64
		{49274320-5AFF-3056-B53F-665314ACC54F}.Debug|x64.Build.0 = Debug|x64
		{49274320-5AFF-3056-B53F-665314ACC54F}.MinSizeRel|x64.ActiveCfg = MinSizeRel|x64
		{49274320-5AFF-3056-B53F-665314ACC54F}.MinSizeRel|x64.Build.0 = MinSizeRel|x64
		{49274320-5AFF-3056-B53F-665314ACC54F}.Release|x64.ActiveCfg = Release|x64
		{49274320-5AFF-3056-B53F-665314ACC54F}.Release|x64.Build.0 = Release|x64
		{49274320-5AFF-3056-B53F-665314ACC54F}.RelWithDebInfo|x64.ActiveCfg = RelWithDebInfo|x64
		{49274320-5AFF-3056-B53F-665314ACC54F}.RelWithDebInfo|x64.Build.0 = RelWithDebInfo|x64
		{D05007D7-E372-3993-A537-C586AB8A3A42}.Debug|x64.ActiveCfg = Debug|x64
		{D05007D7-E372-3993-A537-C586AB8A3A42}.Debug|x64.Build.0 = Debug|x64
		{D05007D7-E372-3993-A537-C586AB8A3A42}.MinSizeRel|x64.ActiveCfg = MinSizeRel|x64
		{D05007D7-E372-3993-A537-C586AB8A3A42}.MinSizeRel|x64.Build.0 = MinSizeRel|x64
		{D05007D7-E372-3993-A537-C586AB8A3A42}.Release|x64.ActiveCfg = Release|x64
		{D05007D7-E372-3993-A537-C586AB8A3A42}.Release|x64.Build.0 = Release|x64
		{D05007D7-E372-3993-A537-C586AB8A3A42}.RelWithDebInfo|x64.ActiveCfg = RelWithDebInfo|x64
		{D05007D7-E372-3993-A537-C586AB8A3A42}.RelWithDebInfo|x64.Build.0 = RelWithDebInfo|x64
		{10458A01-F5C9-3C6D-99A3-185DD49A10CE}.Debug|x64.ActiveCfg = Debug|x64
		{10458A01-F5C9-3C6D-99A3-185DD49A10CE}.Debug|x64.Build.0 = Debug|x64
		{10458A01-F5C9-3C6D-99A3-185DD49A10CE}.MinSizeRel|x64.ActiveCfg = MinSizeRel|x64
		{10458A01-F5C9-3C6D-99A3-185DD49A10CE}.MinSizeRel|x64.Build.0 = MinSizeRel|x64
		{10458A01-F5C9-3C6D-99A3-185DD49A10CE}.Release|x64.ActiveCfg = Release|x64
		{10458A01-F5C9-3C6D-99A3-185DD49A10CE}.Release|x64.Build.0 = Release|x64
		{10458A01-F5C9-3C6D-99A3-185DD49A10CE}.RelWithDebInfo|x64.ActiveCfg = RelWithDebInfo|x64
		{10458A01-F5C9-3C6D-99A3-185DD49A10CE}.RelWithDebInfo|x64.Build.0 = RelWithDebInfo|x64
		{056556B9-905A-3843-8CA4-49DC6C6CBF35}.Debug|x64.ActiveCfg = Debug|x64
		{056556B9-905A-3843-8CA4-49DC6C6CBF35}.Debug|x64.Build.0 = Debug|x64
		{056556B9-905A-3843-8CA4-49DC6C6CBF35}.MinSizeRel|x64.ActiveCfg = MinSizeRel|x64
		{056556B9-905A-3843-8CA4-49DC6C6CBF35}.MinSizeRel|x64.Build.0 = MinSizeRel|x64
		{056556B9-905A-3843-8CA4-49DC6C6CBF35}.Release|x64.ActiveCfg = Release|x64
		{056556B9-905A-3843-8CA4-49DC6C6CBF35}.Release|x64.Build.0 = Release|x64
		{056556B9-905A-3843-8CA4-49DC6C6CBF35}.RelWithDebInfo|x64.ActiveCfg = RelWithDebInfo|x64
		{056556B9-905A-3843-8CA4-49DC6C6CBF35}.RelWithDebInfo|x64.Build.0 = RelWithDebInfo|x64
		{85573254-521C-3758-8344-1FA47FAE6860}.Debug|x64.ActiveCfg = Debug|x64
		{85573254-521C-3758-8344-1FA47FAE6860}.Debug|x64.Build.0 = Debug|x64
		{85573254-521C-3758-8344-1FA47FAE6860}.MinSizeRel|x64.ActiveCfg = MinSizeRel|x64
		{85573254-521C-3758-8344-1FA47FAE6860}.MinSizeRel|x64.Build.0 = MinSizeRel|x64
		{85573254-521C-3758-8344-1FA47FAE6860}.Release|x64.ActiveCfg = Release|x64
		{85573254-521C-3758-8344-1FA47FAE6860}.Release|x64.Build.0 = Release|x64
		{85573254-521C-3758-8344-1FA47FAE6860}.RelWithDebInfo|x64.ActiveCfg = RelWithDebInfo|x64
		{85573254-521C-3758-8344-1FA47FAE6860}.RelWithDebInfo|x64.Build.0 = RelWithDebInfo|x64
		{687C38F6-5284-3E86-A3C0-C4F037AA7D41}.Debug|x64.ActiveCfg = Debug|x64
		{687C38F6-5284-3E86-A3C0-C4F037AA7D41}.Debug|x64.Build.0 = Debug|x64
		{687C38F6-5284-3E86-A3C0-C4F037AA7D41}.MinSizeRel|x64.ActiveCfg = MinSizeRel|x64
		{687C38F6-5284-3E86-A3C0-C4F037AA7D41}.MinSizeRel|x64.Build.0 = MinSizeRel|x64
		{687C38F6-5284-3E86-A3C0-C4F037AA7D41}.Release|x64.ActiveCfg = Release|x64
		{687C38F6-5284-3E86-A3C0-C4F037AA7D41}.Release|x64.Build.0 = Release|x64
		{687C38F6-5284-3E86-A3C0-C4F037AA7D41}.RelWithDebInfo|x64.ActiveCfg = RelWithDebInfo|x64
		{687C38F6-5284-3E86-A3C0-C4F037AA7D41}.RelWithDebInfo|x64.Build.0 = RelWithDebInfo|x64
		{44E85C90-3742-357F-BD82-167E7EEF9A14}.Debug|x64.ActiveCfg = Debug|x64
		{44E85C90-3742-357F-BD82-167E7EEF9A14}.Debug|x64.Build.0 = Debug|x64
		{44E85C90-3742-357F-BD82-167E7EEF9A14}.MinSizeRel|x64.ActiveCfg = MinSizeRel|x64
		{44E85C90-3742-357F-BD82-167E7EEF9A14}.MinSizeRel|x64.Build.0 = MinSizeRel|x64
		{44E85C90-3742-357F-BD82-167E7EEF9A14}.Release|x64.ActiveCfg = Release|x64
		{44E85C90-3742-357F-BD82-167E7EEF9A14}.Release|x64.Build.0 = Release|x64
		{44E85C90-3742-357F-BD82-167E7EEF9A14}.RelWithDebInfo|x64.ActiveCfg = RelWithDebInfo|x64
		{44E85C90-3742-357F-BD82-167E7EEF9A14}.RelWithDebInfo|x64.Build.0 = RelWithDebInfo|x64
		{6AD1CAD8-D8E7-34BE-8D9F-8EF139DD3E6E}.Debug|x64.ActiveCfg = Debug|x64
		{6AD1CAD8-D8E7-34BE-8D9F-8EF139DD3E6E}.Debug|x64.Build.0 = Debug|x64
		{6AD1CAD8-D8E7-34BE-8D9F-8EF139DD3E6E}.MinSizeRel|x64.ActiveCfg = MinSizeRel|x64
		{6AD1CAD8-D8E7-34BE-8D9F-8EF139DD3E6E}.MinSizeRel|x64.Build.0 = MinSizeRel|x64
		{6AD1CAD8-D8E7-34BE-8D9F-8EF139DD3E6E}.Release|x64.ActiveCfg = Release|x64
		{6AD1CAD8-D8E7-34BE-8D9F-8EF139DD3E6E}.Release|x64.Build.0 = Release|x64
		{6AD1CAD8-D8E7-34BE-8D9F-8EF139DD3E6E}.RelWithDebInfo|x64.ActiveCfg = RelWithDebInfo|x64
		{6AD1CAD8-D8E7-34BE-8D9F-8EF139DD3E6E}.RelWithDebInfo|x64.Build.0 = RelWithDebInfo|x64
		{4DF295D4-E15B-3AC4-9D06-FE2D48A7B30F}.Debug|x64.ActiveCfg = Debug|x64
		{4DF295D4-E15B-3AC4-9D06-FE2D48A7B30F}.Debug|x64.Build.0 = Debug|x64
		{4DF295D4-E15B-3AC4-9D06-FE2D48A7B30F}.MinSizeRel|x64.ActiveCfg = MinSizeRel|x64
		{4DF295D4-E15B-3AC4-9D06-FE2D48A7B30F}.MinSizeRel|x64.Build.0 = MinSizeRel|x64
		{4DF295D4-E15B-3AC4-9D06-FE2D48A7B30F}.Release|x64.ActiveCfg = Release|x64
		{4DF295D4-E15B-3AC4-9D06-FE2D48A7B30F}.Release|x64.Build.0 = Release|x64
		{4DF295D4-E15B-3AC4-9D06-FE2D48A7B30F}.RelWithDebInfo|x64.ActiveCfg = RelWithDebInfo|x64
		{4DF295D4-E15B-3AC4-9D06-FE2D48A7B30F}.RelWithDebInfo|x64.Build.0 = RelWithDebInfo|x64
		{965ADA62-181D-3DC9-BB9D-3F77DABB62DE}.Debug|x64.ActiveCfg = Debug|x64
		{965ADA62-181D-3DC9-BB9D-3F77DABB62DE}.Debug|x64.Build.0 = Debug|x64
		{965ADA62-181D-3DC9-BB9D-3F77DABB62DE}.MinSizeRel|x64.ActiveCfg = MinSizeRel|x64
		{965ADA62-181D-3DC9-BB9D-3F77DABB62DE}.MinSizeRel|x64.Build.0 = MinSizeRel|x64
		{965ADA62-181D-3DC9-BB9D-3F77DABB62DE}.Release|x64.ActiveCfg = Release|x64
		{965ADA62-181D-3DC9-BB9D-3F77DABB62DE}.Release|x64.Build.0 = Release|x64
		{965ADA62-181D-3DC9-BB9D-3F77DABB62DE}.RelWithDebInfo|x64.ActiveCfg = RelWithDebInfo|x64
		{965ADA62-181D-3DC9-BB9D-3F77DABB62DE}.RelWithDebInfo|x64.Build.0 = RelWithDebInfo|x64
		{7981B793-7413-34B6-B3C8-5FFEDE4D17BF}.Debug|x64.ActiveCfg = Debug|x64
		{7981B793-7413-34B6-B3C8-5FFEDE4D17BF}.Debug|x64.Build.0 = Debug|x64
		{7981B793-7413-34B6-B3C8-5FFEDE4D17BF}.MinSizeRel|x64.ActiveCfg = MinSizeRel|x64
		{7981B793-7413-34B6-B3C8-5FFEDE4D17BF}.MinSizeRel|x64.Build.0 = MinSizeRel|x64
		{7981B793-7413-34B6-B3C8-5FFEDE4D17BF}.Release|x64.ActiveCfg = Release|x64
		{7981B793-7413-34B6-B3C8-5FFEDE4D17BF}.Release|x64.Build.0 = Release|x64
		{7981B793-7413-34B6-B3C8-5FFEDE4D17BF}.RelWithDebInfo|x64.ActiveCfg = RelWithDebInfo|x64
		{7981B793-7413-34B6-B3C8-5FFEDE4D17BF}.RelWithDebInfo|x64.Build.0 = RelWithDebInfo|x64
	EndGlobalSection
	GlobalSection(SolutionProperties) = preSolution
		HideSolutionNode = FALSE
	EndGlobalSection
	GlobalSection(ExtensibilityGlobals) = postSolution
		SolutionGuid = {6FBF90BC-6824-38EF-A2CF-D6BEC6CD14C7}
	EndGlobalSection
EndGlobal
